
Microsoft Visual Studio Solution File, Format Version 12.00
# Visual Studio 2012
Project("{FAE04EC0-301F-11D3-BF4B-00C04F79EFBC}") = "SolderMonkey Gadgeteer SDK", "SolderMonkey Gadgeteer SDK\SolderMonkey Gadgeteer SDK.csproj", "{BC1175D9-6EC7-45AF-B63F-66FE70085575}"
	ProjectSection(ProjectDependencies) = postProject
		{338AFA04-0A53-4170-8E07-DD19F1085F50} = {338AFA04-0A53-4170-8E07-DD19F1085F50}
		{B4085006-A495-4547-9521-C58503FBB4B6} = {B4085006-A495-4547-9521-C58503FBB4B6}
		{751AE007-D2C5-4F70-8071-869918DA6CF9} = {751AE007-D2C5-4F70-8071-869918DA6CF9}
		{4919E60C-6211-4CB0-BBEE-4BF7754F8B93} = {4919E60C-6211-4CB0-BBEE-4BF7754F8B93}
		{47D2AD0E-C631-4221-A349-9E294F4F34B4} = {47D2AD0E-C631-4221-A349-9E294F4F34B4}
		{6E5CCE13-28BF-4778-B653-85DBF06AA335} = {6E5CCE13-28BF-4778-B653-85DBF06AA335}
		{CF0E4F19-8181-4B1C-BEE7-36C9D43D46D6} = {CF0E4F19-8181-4B1C-BEE7-36C9D43D46D6}
		{989E361C-9286-490F-966F-78CE4E4D815E} = {989E361C-9286-490F-966F-78CE4E4D815E}
		{86E1631C-EA00-4B5C-9E17-E31A76C4C897} = {86E1631C-EA00-4B5C-9E17-E31A76C4C897}
		{DE4D8323-44C8-4286-BB54-86A8183EE451} = {DE4D8323-44C8-4286-BB54-86A8183EE451}
		{E27E3F38-4080-4CA4-834F-2BE8016202C6} = {E27E3F38-4080-4CA4-834F-2BE8016202C6}
		{D967C841-00EC-46D5-ADDF-0ADB8499692E} = {D967C841-00EC-46D5-ADDF-0ADB8499692E}
		{E5877447-B52D-40B3-AFAC-71766CC683A5} = {E5877447-B52D-40B3-AFAC-71766CC683A5}
		{6658044E-D7C6-49E2-9560-A34169376694} = {6658044E-D7C6-49E2-9560-A34169376694}
		{8EE2F554-FC3B-4D93-B58A-FDAD31E21BD0} = {8EE2F554-FC3B-4D93-B58A-FDAD31E21BD0}
		{AC0B545D-303D-498F-B692-7E72AC59CF37} = {AC0B545D-303D-498F-B692-7E72AC59CF37}
		{E33DC860-D3AA-48F6-86E2-3A9EF0E7AF40} = {E33DC860-D3AA-48F6-86E2-3A9EF0E7AF40}
		{5DAF1261-F393-4720-96CA-E8E3DEF55012} = {5DAF1261-F393-4720-96CA-E8E3DEF55012}
		{6BB44964-D0DF-4799-99E9-2AAB2313353A} = {6BB44964-D0DF-4799-99E9-2AAB2313353A}
		{B1E97064-B338-4C99-A613-9E27499B62D9} = {B1E97064-B338-4C99-A613-9E27499B62D9}
		{B591B067-1138-4398-AF5F-C8B68CA22D6F} = {B591B067-1138-4398-AF5F-C8B68CA22D6F}
		{D24F386B-FEE4-4976-A08C-AAD4D34101A9} = {D24F386B-FEE4-4976-A08C-AAD4D34101A9}
		{F75F456E-A469-439D-AEC4-76C8A8FD7A30} = {F75F456E-A469-439D-AEC4-76C8A8FD7A30}
		{789C9E71-5F91-46C6-98FE-4AC76914D7DB} = {789C9E71-5F91-46C6-98FE-4AC76914D7DB}
		{3DA2DD71-8D34-460F-BBDE-03B11F35E768} = {3DA2DD71-8D34-460F-BBDE-03B11F35E768}
		{957AED72-E7D4-4503-8C3D-252AD193770F} = {957AED72-E7D4-4503-8C3D-252AD193770F}
		{E055F476-76E7-4D29-A601-DFBD739A9B8F} = {E055F476-76E7-4D29-A601-DFBD739A9B8F}
		{A79AE177-7566-460D-B281-BCD8E8EED46F} = {A79AE177-7566-460D-B281-BCD8E8EED46F}
		{6BF40879-8058-4ED0-A73A-A7126ACFC6C0} = {6BF40879-8058-4ED0-A73A-A7126ACFC6C0}
		{79056E7F-DC6F-4A13-A9E6-A7ED8CB30A18} = {79056E7F-DC6F-4A13-A9E6-A7ED8CB30A18}
		{84D8F681-E578-492F-BF87-716D7E24A5CF} = {84D8F681-E578-492F-BF87-716D7E24A5CF}
		{E6D1EA83-C928-44CD-80EE-C6C1B82EB1B2} = {E6D1EA83-C928-44CD-80EE-C6C1B82EB1B2}
		{6FF45E84-BA0C-4A0A-B43F-8A91ACB9DAB6} = {6FF45E84-BA0C-4A0A-B43F-8A91ACB9DAB6}
		{C543C184-87AB-4E0C-B988-1BF620805A52} = {C543C184-87AB-4E0C-B988-1BF620805A52}
		{B903F391-4C6E-4AEC-AEC3-7377391780A6} = {B903F391-4C6E-4AEC-AEC3-7377391780A6}
		{D3B7C097-B478-402F-A537-70030E7E2BA7} = {D3B7C097-B478-402F-A537-70030E7E2BA7}
		{82EC659C-E953-40CB-AB64-F686E3E87AE8} = {82EC659C-E953-40CB-AB64-F686E3E87AE8}
		{AEEA7AA3-6021-4F9C-A588-3ED93A8507ED} = {AEEA7AA3-6021-4F9C-A588-3ED93A8507ED}
		{009FE0A6-8033-4C9D-B928-60A341377620} = {009FE0A6-8033-4C9D-B928-60A341377620}
		{8616E3B9-A464-4CD5-9266-795F375AD3CC} = {8616E3B9-A464-4CD5-9266-795F375AD3CC}
		{9D3F79BD-F5FB-45F8-9AD9-E4F9912AB5DE} = {9D3F79BD-F5FB-45F8-9AD9-E4F9912AB5DE}
		{85ED0DC2-6C2D-4980-BB8D-223759EF4056} = {85ED0DC2-6C2D-4980-BB8D-223759EF4056}
		{45C948C4-4BDA-4821-B7B5-D244BB1421E1} = {45C948C4-4BDA-4821-B7B5-D244BB1421E1}
		{397338CF-A22F-4E9F-949B-8FEA47F54264} = {397338CF-A22F-4E9F-949B-8FEA47F54264}
		{902A96D3-1E67-413B-BEE9-DDF0F8DF714D} = {902A96D3-1E67-413B-BEE9-DDF0F8DF714D}
		{4B0964D6-3BBE-4D3C-A672-E9A56594D31B} = {4B0964D6-3BBE-4D3C-A672-E9A56594D31B}
		{DDC5ADD6-033F-4BA3-93C4-05FA18E1DC8E} = {DDC5ADD6-033F-4BA3-93C4-05FA18E1DC8E}
		{743962DB-5DB2-49B6-A008-8B8C8750579C} = {743962DB-5DB2-49B6-A008-8B8C8750579C}
		{C05A58E3-EC95-4892-AE83-0871FA92D5C2} = {C05A58E3-EC95-4892-AE83-0871FA92D5C2}
		{535403EA-5A4F-4F66-94D8-80506436F5CB} = {535403EA-5A4F-4F66-94D8-80506436F5CB}
		{D408ABED-CB26-4DB1-ABFC-35A31F8B82FA} = {D408ABED-CB26-4DB1-ABFC-35A31F8B82FA}
		{791F5AEF-A710-4CBB-820D-D4F7DF6409B1} = {791F5AEF-A710-4CBB-820D-D4F7DF6409B1}
		{8570A7F3-A1CC-4757-B1E7-57AEA56B97F2} = {8570A7F3-A1CC-4757-B1E7-57AEA56B97F2}
		{9CE005F4-A22E-4ABC-B366-2C43A27A0D18} = {9CE005F4-A22E-4ABC-B366-2C43A27A0D18}
		{30F784F7-AED1-4ACF-B820-09995D4E9FF4} = {30F784F7-AED1-4ACF-B820-09995D4E9FF4}
		{26E719FB-D14F-433A-8853-65D427A6B2F6} = {26E719FB-D14F-433A-8853-65D427A6B2F6}
	EndProjectSection
EndProject
Project("{2150E333-8FDC-42A3-9474-1A3956D46DE8}") = "NETMF41", "NETMF41", "{C2977621-E741-4F48-96D8-086A9FD59968}"
EndProject
Project("{2150E333-8FDC-42A3-9474-1A3956D46DE8}") = "NETMF42", "NETMF42", "{801CC8BF-0B3B-4DF9-AECD-378D5FE4053B}"
EndProject
Project("{2150E333-8FDC-42A3-9474-1A3956D46DE8}") = "NETMF43", "NETMF43", "{CD71B5FE-1D43-4E93-A167-12C34C3CD5E7}"
EndProject
Project("{2150E333-8FDC-42A3-9474-1A3956D46DE8}") = "MergeModules", "MergeModules", "{90845885-5857-45DD-AEA3-F772172FFAF9}"
EndProject
Project("{FAE04EC0-301F-11D3-BF4B-00C04F79EFBC}") = "ADC_Mux", "..\..\..\..\Modules\SolderMonkey\ADC_Mux\Software\ADC_Mux\ADC_Mux\ADC_Mux.csproj", "{D408ABED-CB26-4DB1-ABFC-35A31F8B82FA}"
EndProject
Project("{FAE04EC0-301F-11D3-BF4B-00C04F79EFBC}") = "AddaSlide", "..\..\..\..\Modules\SolderMonkey\AddaSlide\Software\AddaSlide\AddaSlide\AddaSlide.csproj", "{84D8F681-E578-492F-BF87-716D7E24A5CF}"
EndProject
Project("{FAE04EC0-301F-11D3-BF4B-00C04F79EFBC}") = "AddaSlide_41", "..\..\..\..\Modules\SolderMonkey\AddaSlide\Software\AddaSlide\AddaSlide_41\AddaSlide_41.csproj", "{8570A7F3-A1CC-4757-B1E7-57AEA56B97F2}"
EndProject
Project("{FAE04EC0-301F-11D3-BF4B-00C04F79EFBC}") = "AddaSlide_42", "..\..\..\..\Modules\SolderMonkey\AddaSlide\Software\AddaSlide\AddaSlide_42\AddaSlide_42.csproj", "{9CE005F4-A22E-4ABC-B366-2C43A27A0D18}"
EndProject
Project("{FAE04EC0-301F-11D3-BF4B-00C04F79EFBC}") = "AddaSlide_43", "..\..\..\..\Modules\SolderMonkey\AddaSlide\Software\AddaSlide\AddaSlide_43\AddaSlide_43.csproj", "{C543C184-87AB-4E0C-B988-1BF620805A52}"
EndProject
Project("{FAE04EC0-301F-11D3-BF4B-00C04F79EFBC}") = "ADC_Mux_41", "..\..\..\..\Modules\SolderMonkey\ADC_Mux\Software\ADC_Mux\ADC_Mux_41\ADC_Mux_41.csproj", "{957AED72-E7D4-4503-8C3D-252AD193770F}"
EndProject
Project("{FAE04EC0-301F-11D3-BF4B-00C04F79EFBC}") = "ADC_Mux_42", "..\..\..\..\Modules\SolderMonkey\ADC_Mux\Software\ADC_Mux\ADC_Mux_42\ADC_Mux_42.csproj", "{85ED0DC2-6C2D-4980-BB8D-223759EF4056}"
EndProject
Project("{FAE04EC0-301F-11D3-BF4B-00C04F79EFBC}") = "ADC_Mux_43", "..\..\..\..\Modules\SolderMonkey\ADC_Mux\Software\ADC_Mux\ADC_Mux_43\ADC_Mux_43.csproj", "{3DA2DD71-8D34-460F-BBDE-03B11F35E768}"
EndProject
Project("{FAE04EC0-301F-11D3-BF4B-00C04F79EFBC}") = "AdvancedADC", "..\..\..\..\Modules\SolderMonkey\AdvancedADC\Software\AdvancedADC\AdvancedADC\AdvancedADC.csproj", "{B1E97064-B338-4C99-A613-9E27499B62D9}"
EndProject
Project("{FAE04EC0-301F-11D3-BF4B-00C04F79EFBC}") = "AdvancedADC_41", "..\..\..\..\Modules\SolderMonkey\AdvancedADC\Software\AdvancedADC\AdvancedADC_41\AdvancedADC_41.csproj", "{F75F456E-A469-439D-AEC4-76C8A8FD7A30}"
EndProject
Project("{FAE04EC0-301F-11D3-BF4B-00C04F79EFBC}") = "AdvancedADC_42", "..\..\..\..\Modules\SolderMonkey\AdvancedADC\Software\AdvancedADC\AdvancedADC_42\AdvancedADC_42.csproj", "{789C9E71-5F91-46C6-98FE-4AC76914D7DB}"
EndProject
Project("{FAE04EC0-301F-11D3-BF4B-00C04F79EFBC}") = "AdvancedADC_43", "..\..\..\..\Modules\SolderMonkey\AdvancedADC\Software\AdvancedADC\AdvancedADC_43\AdvancedADC_43.csproj", "{4919E60C-6211-4CB0-BBEE-4BF7754F8B93}"
EndProject
Project("{FAE04EC0-301F-11D3-BF4B-00C04F79EFBC}") = "ChimpDriver", "..\..\..\..\Modules\SolderMonkey\ChimpDriver\Software\ChimpDriver\ChimpDriver\ChimpDriver.csproj", "{6BF40879-8058-4ED0-A73A-A7126ACFC6C0}"
EndProject
Project("{FAE04EC0-301F-11D3-BF4B-00C04F79EFBC}") = "ChimpDriver_41", "..\..\..\..\Modules\SolderMonkey\ChimpDriver\Software\ChimpDriver\ChimpDriver_41\ChimpDriver_41.csproj", "{45C948C4-4BDA-4821-B7B5-D244BB1421E1}"
EndProject
Project("{FAE04EC0-301F-11D3-BF4B-00C04F79EFBC}") = "ChimpDriver_42", "..\..\..\..\Modules\SolderMonkey\ChimpDriver\Software\ChimpDriver\ChimpDriver_42\ChimpDriver_42.csproj", "{CF0E4F19-8181-4B1C-BEE7-36C9D43D46D6}"
EndProject
Project("{FAE04EC0-301F-11D3-BF4B-00C04F79EFBC}") = "ChimpDriver_43", "..\..\..\..\Modules\SolderMonkey\ChimpDriver\Software\ChimpDriver\ChimpDriver_43\ChimpDriver_43.csproj", "{30F784F7-AED1-4ACF-B820-09995D4E9FF4}"
EndProject
Project("{FAE04EC0-301F-11D3-BF4B-00C04F79EFBC}") = "EEPROM", "..\..\..\..\Modules\SolderMonkey\EEPROM\Software\EEPROM\EEPROM\EEPROM.csproj", "{5DAF1261-F393-4720-96CA-E8E3DEF55012}"
EndProject
Project("{FAE04EC0-301F-11D3-BF4B-00C04F79EFBC}") = "EEPROM_41", "..\..\..\..\Modules\SolderMonkey\EEPROM\Software\EEPROM\EEPROM_41\EEPROM_41.csproj", "{82EC659C-E953-40CB-AB64-F686E3E87AE8}"
EndProject
Project("{FAE04EC0-301F-11D3-BF4B-00C04F79EFBC}") = "EEPROM_42", "..\..\..\..\Modules\SolderMonkey\EEPROM\Software\EEPROM\EEPROM_42\EEPROM_42.csproj", "{6E5CCE13-28BF-4778-B653-85DBF06AA335}"
EndProject
Project("{FAE04EC0-301F-11D3-BF4B-00C04F79EFBC}") = "EEPROM_43", "..\..\..\..\Modules\SolderMonkey\EEPROM\Software\EEPROM\EEPROM_43\EEPROM_43.csproj", "{338AFA04-0A53-4170-8E07-DD19F1085F50}"
EndProject
Project("{FAE04EC0-301F-11D3-BF4B-00C04F79EFBC}") = "Encoder", "..\..\..\..\Modules\SolderMonkey\Encoder\Software\Encoder\Encoder\Encoder.csproj", "{47D2AD0E-C631-4221-A349-9E294F4F34B4}"
EndProject
Project("{FAE04EC0-301F-11D3-BF4B-00C04F79EFBC}") = "Encoder_41", "..\..\..\..\Modules\SolderMonkey\Encoder\Software\Encoder\Encoder_41\Encoder_41.csproj", "{B4085006-A495-4547-9521-C58503FBB4B6}"
EndProject
Project("{FAE04EC0-301F-11D3-BF4B-00C04F79EFBC}") = "Encoder_42", "..\..\..\..\Modules\SolderMonkey\Encoder\Software\Encoder\Encoder_42\Encoder_42.csproj", "{751AE007-D2C5-4F70-8071-869918DA6CF9}"
EndProject
Project("{FAE04EC0-301F-11D3-BF4B-00C04F79EFBC}") = "Encoder_43", "..\..\..\..\Modules\SolderMonkey\Encoder\Software\Encoder\Encoder_43\Encoder_43.csproj", "{A79AE177-7566-460D-B281-BCD8E8EED46F}"
EndProject
Project("{FAE04EC0-301F-11D3-BF4B-00C04F79EFBC}") = "IMU_x11", "..\..\..\..\Modules\SolderMonkey\IMU_x11\Software\IMU_x11\IMU_x11\IMU_x11.csproj", "{743962DB-5DB2-49B6-A008-8B8C8750579C}"
EndProject
Project("{FAE04EC0-301F-11D3-BF4B-00C04F79EFBC}") = "IMU_x11_41", "..\..\..\..\Modules\SolderMonkey\IMU_x11\Software\IMU_x11\IMU_x11_41\IMU_x11_41.csproj", "{AEEA7AA3-6021-4F9C-A588-3ED93A8507ED}"
EndProject
Project("{FAE04EC0-301F-11D3-BF4B-00C04F79EFBC}") = "IMU_x11_42", "..\..\..\..\Modules\SolderMonkey\IMU_x11\Software\IMU_x11\IMU_x11_42\IMU_x11_42.csproj", "{E5877447-B52D-40B3-AFAC-71766CC683A5}"
EndProject
Project("{FAE04EC0-301F-11D3-BF4B-00C04F79EFBC}") = "IMU_x11_43", "..\..\..\..\Modules\SolderMonkey\IMU_x11\Software\IMU_x11\IMU_x11_43\IMU_x11_43.csproj", "{6BB44964-D0DF-4799-99E9-2AAB2313353A}"
EndProject
Project("{FAE04EC0-301F-11D3-BF4B-00C04F79EFBC}") = "IMU_x11v2", "..\..\..\..\Modules\SolderMonkey\IMU_x11v2\Software\IMU_x11v2\IMU_x11v2\IMU_x11v2.csproj", "{4B0964D6-3BBE-4D3C-A672-E9A56594D31B}"
EndProject
Project("{FAE04EC0-301F-11D3-BF4B-00C04F79EFBC}") = "IMU_x11v2_41", "..\..\..\..\Modules\SolderMonkey\IMU_x11v2\Software\IMU_x11v2\IMU_x11v2_41\IMU_x11v2_41.csproj", "{397338CF-A22F-4E9F-949B-8FEA47F54264}"
EndProject
Project("{FAE04EC0-301F-11D3-BF4B-00C04F79EFBC}") = "IMU_x11v2_42", "..\..\..\..\Modules\SolderMonkey\IMU_x11v2\Software\IMU_x11v2\IMU_x11v2_42\IMU_x11v2_42.csproj", "{86E1631C-EA00-4B5C-9E17-E31A76C4C897}"
EndProject
Project("{FAE04EC0-301F-11D3-BF4B-00C04F79EFBC}") = "IMU_x11v2_43", "..\..\..\..\Modules\SolderMonkey\IMU_x11v2\Software\IMU_x11v2\IMU_x11v2_43\IMU_x11v2_43.csproj", "{535403EA-5A4F-4F66-94D8-80506436F5CB}"
EndProject
Project("{FAE04EC0-301F-11D3-BF4B-00C04F79EFBC}") = "LittleStep", "..\..\..\..\Modules\SolderMonkey\LittleStep\Software\LittleStep\LittleStep\LittleStep.csproj", "{9D3F79BD-F5FB-45F8-9AD9-E4F9912AB5DE}"
EndProject
Project("{FAE04EC0-301F-11D3-BF4B-00C04F79EFBC}") = "LittleStep_41", "..\..\..\..\Modules\SolderMonkey\LittleStep\Software\LittleStep\LittleStep_41\LittleStep_41.csproj", "{D967C841-00EC-46D5-ADDF-0ADB8499692E}"
EndProject
Project("{FAE04EC0-301F-11D3-BF4B-00C04F79EFBC}") = "LittleStep_42", "..\..\..\..\Modules\SolderMonkey\LittleStep\Software\LittleStep\LittleStep_42\LittleStep_42.csproj", "{79056E7F-DC6F-4A13-A9E6-A7ED8CB30A18}"
EndProject
Project("{FAE04EC0-301F-11D3-BF4B-00C04F79EFBC}") = "LittleStep_43", "..\..\..\..\Modules\SolderMonkey\LittleStep\Software\LittleStep\LittleStep_43\LittleStep_43.csproj", "{D3B7C097-B478-402F-A537-70030E7E2BA7}"
EndProject
Project("{FAE04EC0-301F-11D3-BF4B-00C04F79EFBC}") = "MonkeyPower", "..\..\..\..\Modules\SolderMonkey\MonkeyPower\Software\MonkeyPower\MonkeyPower\MonkeyPower.csproj", "{26E719FB-D14F-433A-8853-65D427A6B2F6}"
EndProject
Project("{FAE04EC0-301F-11D3-BF4B-00C04F79EFBC}") = "MonkeyPower_41", "..\..\..\..\Modules\SolderMonkey\MonkeyPower\Software\MonkeyPower\MonkeyPower_41\MonkeyPower_41.csproj", "{009FE0A6-8033-4C9D-B928-60A341377620}"
EndProject
Project("{FAE04EC0-301F-11D3-BF4B-00C04F79EFBC}") = "MonkeyPower_42", "..\..\..\..\Modules\SolderMonkey\MonkeyPower\Software\MonkeyPower\MonkeyPower_42\MonkeyPower_42.csproj", "{B591B067-1138-4398-AF5F-C8B68CA22D6F}"
EndProject
Project("{FAE04EC0-301F-11D3-BF4B-00C04F79EFBC}") = "MonkeyPower_43", "..\..\..\..\Modules\SolderMonkey\MonkeyPower\Software\MonkeyPower\MonkeyPower_43\MonkeyPower_43.csproj", "{791F5AEF-A710-4CBB-820D-D4F7DF6409B1}"
EndProject
Project("{FAE04EC0-301F-11D3-BF4B-00C04F79EFBC}") = "OctoSlide", "..\..\..\..\Modules\SolderMonkey\OctoSlide\Software\OctoSlide\OctoSlide\OctoSlide.csproj", "{AC0B545D-303D-498F-B692-7E72AC59CF37}"
EndProject
Project("{FAE04EC0-301F-11D3-BF4B-00C04F79EFBC}") = "OctoSlide_41", "..\..\..\..\Modules\SolderMonkey\OctoSlide\Software\OctoSlide\OctoSlide_41\OctoSlide_41.csproj", "{E27E3F38-4080-4CA4-834F-2BE8016202C6}"
EndProject
Project("{FAE04EC0-301F-11D3-BF4B-00C04F79EFBC}") = "OctoSlide_42", "..\..\..\..\Modules\SolderMonkey\OctoSlide\Software\OctoSlide\OctoSlide_42\OctoSlide_42.csproj", "{E055F476-76E7-4D29-A601-DFBD739A9B8F}"
EndProject
Project("{FAE04EC0-301F-11D3-BF4B-00C04F79EFBC}") = "OctoSlide_43", "..\..\..\..\Modules\SolderMonkey\OctoSlide\Software\OctoSlide\OctoSlide_43\OctoSlide_43.csproj", "{D24F386B-FEE4-4976-A08C-AAD4D34101A9}"
EndProject
Project("{FAE04EC0-301F-11D3-BF4B-00C04F79EFBC}") = "SerialNordic", "..\..\..\..\Modules\SolderMonkey\SerialNordic\Software\SerialNordic\SerialNordic\SerialNordic.csproj", "{8EE2F554-FC3B-4D93-B58A-FDAD31E21BD0}"
EndProject
Project("{FAE04EC0-301F-11D3-BF4B-00C04F79EFBC}") = "SerialNordic_41", "..\..\..\..\Modules\SolderMonkey\SerialNordic\Software\SerialNordic\SerialNordic_41\SerialNordic_41.csproj", "{8616E3B9-A464-4CD5-9266-795F375AD3CC}"
EndProject
Project("{FAE04EC0-301F-11D3-BF4B-00C04F79EFBC}") = "SerialNordic_42", "..\..\..\..\Modules\SolderMonkey\SerialNordic\Software\SerialNordic\SerialNordic_42\SerialNordic_42.csproj", "{C05A58E3-EC95-4892-AE83-0871FA92D5C2}"
EndProject
Project("{FAE04EC0-301F-11D3-BF4B-00C04F79EFBC}") = "SerialNordic_43", "..\..\..\..\Modules\SolderMonkey\SerialNordic\Software\SerialNordic\SerialNordic_43\SerialNordic_43.csproj", "{6FF45E84-BA0C-4A0A-B43F-8A91ACB9DAB6}"
EndProject
Project("{FAE04EC0-301F-11D3-BF4B-00C04F79EFBC}") = "SM_LCD", "..\..\..\..\Modules\SolderMonkey\SM_LCD\Software\SM_LCD\SM_LCD\SM_LCD.csproj", "{E33DC860-D3AA-48F6-86E2-3A9EF0E7AF40}"
EndProject
Project("{FAE04EC0-301F-11D3-BF4B-00C04F79EFBC}") = "SM_LCD_41", "..\..\..\..\Modules\SolderMonkey\SM_LCD\Software\SM_LCD\SM_LCD_41\SM_LCD_41.csproj", "{989E361C-9286-490F-966F-78CE4E4D815E}"
EndProject
Project("{FAE04EC0-301F-11D3-BF4B-00C04F79EFBC}") = "SM_LCD_42", "..\..\..\..\Modules\SolderMonkey\SM_LCD\Software\SM_LCD\SM_LCD_42\SM_LCD_42.csproj", "{DDC5ADD6-033F-4BA3-93C4-05FA18E1DC8E}"
EndProject
Project("{FAE04EC0-301F-11D3-BF4B-00C04F79EFBC}") = "SM_LCD_43", "..\..\..\..\Modules\SolderMonkey\SM_LCD\Software\SM_LCD\SM_LCD_43\SM_LCD_43.csproj", "{B903F391-4C6E-4AEC-AEC3-7377391780A6}"
EndProject
Project("{FAE04EC0-301F-11D3-BF4B-00C04F79EFBC}") = "TripleSlide", "..\..\..\..\Modules\SolderMonkey\TripleSlide\Software\TripleSlide\TripleSlide\TripleSlide.csproj", "{902A96D3-1E67-413B-BEE9-DDF0F8DF714D}"
EndProject
Project("{FAE04EC0-301F-11D3-BF4B-00C04F79EFBC}") = "TripleSlide_41", "..\..\..\..\Modules\SolderMonkey\TripleSlide\Software\TripleSlide\TripleSlide_41\TripleSlide_41.csproj", "{DE4D8323-44C8-4286-BB54-86A8183EE451}"
EndProject
Project("{FAE04EC0-301F-11D3-BF4B-00C04F79EFBC}") = "TripleSlide_42", "..\..\..\..\Modules\SolderMonkey\TripleSlide\Software\TripleSlide\TripleSlide_42\TripleSlide_42.csproj", "{6658044E-D7C6-49E2-9560-A34169376694}"
EndProject
Project("{FAE04EC0-301F-11D3-BF4B-00C04F79EFBC}") = "TripleSlide_43", "..\..\..\..\Modules\SolderMonkey\TripleSlide\Software\TripleSlide\TripleSlide_43\TripleSlide_43.csproj", "{E6D1EA83-C928-44CD-80EE-C6C1B82EB1B2}"
EndProject
Global
	GlobalSection(SolutionConfigurationPlatforms) = preSolution
		Debug|Any CPU = Debug|Any CPU
		Release|Any CPU = Release|Any CPU
	EndGlobalSection
	GlobalSection(ProjectConfigurationPlatforms) = postSolution
		{BC1175D9-6EC7-45AF-B63F-66FE70085575}.Debug|Any CPU.ActiveCfg = Debug|Any CPU
		{BC1175D9-6EC7-45AF-B63F-66FE70085575}.Debug|Any CPU.Build.0 = Debug|Any CPU
		{BC1175D9-6EC7-45AF-B63F-66FE70085575}.Release|Any CPU.ActiveCfg = Release|Any CPU
		{BC1175D9-6EC7-45AF-B63F-66FE70085575}.Release|Any CPU.Build.0 = Release|Any CPU
		{D408ABED-CB26-4DB1-ABFC-35A31F8B82FA}.Debug|Any CPU.ActiveCfg = Debug|Any CPU
		{D408ABED-CB26-4DB1-ABFC-35A31F8B82FA}.Debug|Any CPU.Build.0 = Debug|Any CPU
		{D408ABED-CB26-4DB1-ABFC-35A31F8B82FA}.Release|Any CPU.ActiveCfg = Release|Any CPU
		{D408ABED-CB26-4DB1-ABFC-35A31F8B82FA}.Release|Any CPU.Build.0 = Release|Any CPU
		{84D8F681-E578-492F-BF87-716D7E24A5CF}.Debug|Any CPU.ActiveCfg = Debug|Any CPU
		{84D8F681-E578-492F-BF87-716D7E24A5CF}.Debug|Any CPU.Build.0 = Debug|Any CPU
		{84D8F681-E578-492F-BF87-716D7E24A5CF}.Release|Any CPU.ActiveCfg = Release|Any CPU
		{84D8F681-E578-492F-BF87-716D7E24A5CF}.Release|Any CPU.Build.0 = Release|Any CPU
		{8570A7F3-A1CC-4757-B1E7-57AEA56B97F2}.Debug|Any CPU.ActiveCfg = Debug|Any CPU
		{8570A7F3-A1CC-4757-B1E7-57AEA56B97F2}.Debug|Any CPU.Build.0 = Debug|Any CPU
		{8570A7F3-A1CC-4757-B1E7-57AEA56B97F2}.Release|Any CPU.ActiveCfg = Release|Any CPU
		{8570A7F3-A1CC-4757-B1E7-57AEA56B97F2}.Release|Any CPU.Build.0 = Release|Any CPU
		{9CE005F4-A22E-4ABC-B366-2C43A27A0D18}.Debug|Any CPU.ActiveCfg = Debug|Any CPU
		{9CE005F4-A22E-4ABC-B366-2C43A27A0D18}.Debug|Any CPU.Build.0 = Debug|Any CPU
		{9CE005F4-A22E-4ABC-B366-2C43A27A0D18}.Release|Any CPU.ActiveCfg = Release|Any CPU
		{9CE005F4-A22E-4ABC-B366-2C43A27A0D18}.Release|Any CPU.Build.0 = Release|Any CPU
		{C543C184-87AB-4E0C-B988-1BF620805A52}.Debug|Any CPU.ActiveCfg = Debug|Any CPU
		{C543C184-87AB-4E0C-B988-1BF620805A52}.Debug|Any CPU.Build.0 = Debug|Any CPU
		{C543C184-87AB-4E0C-B988-1BF620805A52}.Release|Any CPU.ActiveCfg = Release|Any CPU
		{C543C184-87AB-4E0C-B988-1BF620805A52}.Release|Any CPU.Build.0 = Release|Any CPU
		{957AED72-E7D4-4503-8C3D-252AD193770F}.Debug|Any CPU.ActiveCfg = Debug|Any CPU
		{957AED72-E7D4-4503-8C3D-252AD193770F}.Debug|Any CPU.Build.0 = Debug|Any CPU
		{957AED72-E7D4-4503-8C3D-252AD193770F}.Release|Any CPU.ActiveCfg = Release|Any CPU
		{957AED72-E7D4-4503-8C3D-252AD193770F}.Release|Any CPU.Build.0 = Release|Any CPU
		{85ED0DC2-6C2D-4980-BB8D-223759EF4056}.Debug|Any CPU.ActiveCfg = Debug|Any CPU
		{85ED0DC2-6C2D-4980-BB8D-223759EF4056}.Debug|Any CPU.Build.0 = Debug|Any CPU
		{85ED0DC2-6C2D-4980-BB8D-223759EF4056}.Release|Any CPU.ActiveCfg = Release|Any CPU
		{85ED0DC2-6C2D-4980-BB8D-223759EF4056}.Release|Any CPU.Build.0 = Release|Any CPU
		{3DA2DD71-8D34-460F-BBDE-03B11F35E768}.Debug|Any CPU.ActiveCfg = Debug|Any CPU
		{3DA2DD71-8D34-460F-BBDE-03B11F35E768}.Debug|Any CPU.Build.0 = Debug|Any CPU
		{3DA2DD71-8D34-460F-BBDE-03B11F35E768}.Release|Any CPU.ActiveCfg = Release|Any CPU
		{3DA2DD71-8D34-460F-BBDE-03B11F35E768}.Release|Any CPU.Build.0 = Release|Any CPU
		{B1E97064-B338-4C99-A613-9E27499B62D9}.Debug|Any CPU.ActiveCfg = Debug|Any CPU
		{B1E97064-B338-4C99-A613-9E27499B62D9}.Debug|Any CPU.Build.0 = Debug|Any CPU
		{B1E97064-B338-4C99-A613-9E27499B62D9}.Release|Any CPU.ActiveCfg = Release|Any CPU
		{B1E97064-B338-4C99-A613-9E27499B62D9}.Release|Any CPU.Build.0 = Release|Any CPU
		{F75F456E-A469-439D-AEC4-76C8A8FD7A30}.Debug|Any CPU.ActiveCfg = Debug|Any CPU
		{F75F456E-A469-439D-AEC4-76C8A8FD7A30}.Debug|Any CPU.Build.0 = Debug|Any CPU
		{F75F456E-A469-439D-AEC4-76C8A8FD7A30}.Release|Any CPU.ActiveCfg = Release|Any CPU
		{F75F456E-A469-439D-AEC4-76C8A8FD7A30}.Release|Any CPU.Build.0 = Release|Any CPU
		{789C9E71-5F91-46C6-98FE-4AC76914D7DB}.Debug|Any CPU.ActiveCfg = Debug|Any CPU
		{789C9E71-5F91-46C6-98FE-4AC76914D7DB}.Debug|Any CPU.Build.0 = Debug|Any CPU
		{789C9E71-5F91-46C6-98FE-4AC76914D7DB}.Release|Any CPU.ActiveCfg = Release|Any CPU
		{789C9E71-5F91-46C6-98FE-4AC76914D7DB}.Release|Any CPU.Build.0 = Release|Any CPU
		{4919E60C-6211-4CB0-BBEE-4BF7754F8B93}.Debug|Any CPU.ActiveCfg = Debug|Any CPU
		{4919E60C-6211-4CB0-BBEE-4BF7754F8B93}.Debug|Any CPU.Build.0 = Debug|Any CPU
		{4919E60C-6211-4CB0-BBEE-4BF7754F8B93}.Release|Any CPU.ActiveCfg = Release|Any CPU
		{4919E60C-6211-4CB0-BBEE-4BF7754F8B93}.Release|Any CPU.Build.0 = Release|Any CPU
		{6BF40879-8058-4ED0-A73A-A7126ACFC6C0}.Debug|Any CPU.ActiveCfg = Debug|Any CPU
		{6BF40879-8058-4ED0-A73A-A7126ACFC6C0}.Debug|Any CPU.Build.0 = Debug|Any CPU
		{6BF40879-8058-4ED0-A73A-A7126ACFC6C0}.Release|Any CPU.ActiveCfg = Release|Any CPU
		{6BF40879-8058-4ED0-A73A-A7126ACFC6C0}.Release|Any CPU.Build.0 = Release|Any CPU
		{45C948C4-4BDA-4821-B7B5-D244BB1421E1}.Debug|Any CPU.ActiveCfg = Debug|Any CPU
		{45C948C4-4BDA-4821-B7B5-D244BB1421E1}.Debug|Any CPU.Build.0 = Debug|Any CPU
		{45C948C4-4BDA-4821-B7B5-D244BB1421E1}.Release|Any CPU.ActiveCfg = Release|Any CPU
		{45C948C4-4BDA-4821-B7B5-D244BB1421E1}.Release|Any CPU.Build.0 = Release|Any CPU
		{CF0E4F19-8181-4B1C-BEE7-36C9D43D46D6}.Debug|Any CPU.ActiveCfg = Debug|Any CPU
		{CF0E4F19-8181-4B1C-BEE7-36C9D43D46D6}.Debug|Any CPU.Build.0 = Debug|Any CPU
		{CF0E4F19-8181-4B1C-BEE7-36C9D43D46D6}.Release|Any CPU.ActiveCfg = Release|Any CPU
		{CF0E4F19-8181-4B1C-BEE7-36C9D43D46D6}.Release|Any CPU.Build.0 = Release|Any CPU
		{30F784F7-AED1-4ACF-B820-09995D4E9FF4}.Debug|Any CPU.ActiveCfg = Debug|Any CPU
		{30F784F7-AED1-4ACF-B820-09995D4E9FF4}.Debug|Any CPU.Build.0 = Debug|Any CPU
		{30F784F7-AED1-4ACF-B820-09995D4E9FF4}.Release|Any CPU.ActiveCfg = Release|Any CPU
		{30F784F7-AED1-4ACF-B820-09995D4E9FF4}.Release|Any CPU.Build.0 = Release|Any CPU
		{5DAF1261-F393-4720-96CA-E8E3DEF55012}.Debug|Any CPU.ActiveCfg = Debug|Any CPU
		{5DAF1261-F393-4720-96CA-E8E3DEF55012}.Debug|Any CPU.Build.0 = Debug|Any CPU
		{5DAF1261-F393-4720-96CA-E8E3DEF55012}.Release|Any CPU.ActiveCfg = Release|Any CPU
		{5DAF1261-F393-4720-96CA-E8E3DEF55012}.Release|Any CPU.Build.0 = Release|Any CPU
		{82EC659C-E953-40CB-AB64-F686E3E87AE8}.Debug|Any CPU.ActiveCfg = Debug|Any CPU
		{82EC659C-E953-40CB-AB64-F686E3E87AE8}.Debug|Any CPU.Build.0 = Debug|Any CPU
		{82EC659C-E953-40CB-AB64-F686E3E87AE8}.Release|Any CPU.ActiveCfg = Release|Any CPU
		{82EC659C-E953-40CB-AB64-F686E3E87AE8}.Release|Any CPU.Build.0 = Release|Any CPU
		{6E5CCE13-28BF-4778-B653-85DBF06AA335}.Debug|Any CPU.ActiveCfg = Debug|Any CPU
		{6E5CCE13-28BF-4778-B653-85DBF06AA335}.Debug|Any CPU.Build.0 = Debug|Any CPU
		{6E5CCE13-28BF-4778-B653-85DBF06AA335}.Release|Any CPU.ActiveCfg = Release|Any CPU
		{6E5CCE13-28BF-4778-B653-85DBF06AA335}.Release|Any CPU.Build.0 = Release|Any CPU
		{338AFA04-0A53-4170-8E07-DD19F1085F50}.Debug|Any CPU.ActiveCfg = Debug|Any CPU
		{338AFA04-0A53-4170-8E07-DD19F1085F50}.Debug|Any CPU.Build.0 = Debug|Any CPU
		{338AFA04-0A53-4170-8E07-DD19F1085F50}.Release|Any CPU.ActiveCfg = Release|Any CPU
		{338AFA04-0A53-4170-8E07-DD19F1085F50}.Release|Any CPU.Build.0 = Release|Any CPU
		{47D2AD0E-C631-4221-A349-9E294F4F34B4}.Debug|Any CPU.ActiveCfg = Debug|Any CPU
		{47D2AD0E-C631-4221-A349-9E294F4F34B4}.Debug|Any CPU.Build.0 = Debug|Any CPU
		{47D2AD0E-C631-4221-A349-9E294F4F34B4}.Release|Any CPU.ActiveCfg = Release|Any CPU
		{47D2AD0E-C631-4221-A349-9E294F4F34B4}.Release|Any CPU.Build.0 = Release|Any CPU
		{B4085006-A495-4547-9521-C58503FBB4B6}.Debug|Any CPU.ActiveCfg = Debug|Any CPU
		{B4085006-A495-4547-9521-C58503FBB4B6}.Debug|Any CPU.Build.0 = Debug|Any CPU
		{B4085006-A495-4547-9521-C58503FBB4B6}.Release|Any CPU.ActiveCfg = Release|Any CPU
		{B4085006-A495-4547-9521-C58503FBB4B6}.Release|Any CPU.Build.0 = Release|Any CPU
		{751AE007-D2C5-4F70-8071-869918DA6CF9}.Debug|Any CPU.ActiveCfg = Debug|Any CPU
		{751AE007-D2C5-4F70-8071-869918DA6CF9}.Debug|Any CPU.Build.0 = Debug|Any CPU
		{751AE007-D2C5-4F70-8071-869918DA6CF9}.Release|Any CPU.ActiveCfg = Release|Any CPU
		{751AE007-D2C5-4F70-8071-869918DA6CF9}.Release|Any CPU.Build.0 = Release|Any CPU
		{A79AE177-7566-460D-B281-BCD8E8EED46F}.Debug|Any CPU.ActiveCfg = Debug|Any CPU
		{A79AE177-7566-460D-B281-BCD8E8EED46F}.Debug|Any CPU.Build.0 = Debug|Any CPU
		{A79AE177-7566-460D-B281-BCD8E8EED46F}.Release|Any CPU.ActiveCfg = Release|Any CPU
		{A79AE177-7566-460D-B281-BCD8E8EED46F}.Release|Any CPU.Build.0 = Release|Any CPU
		{743962DB-5DB2-49B6-A008-8B8C8750579C}.Debug|Any CPU.ActiveCfg = Debug|Any CPU
		{743962DB-5DB2-49B6-A008-8B8C8750579C}.Debug|Any CPU.Build.0 = Debug|Any CPU
		{743962DB-5DB2-49B6-A008-8B8C8750579C}.Release|Any CPU.ActiveCfg = Release|Any CPU
		{743962DB-5DB2-49B6-A008-8B8C8750579C}.Release|Any CPU.Build.0 = Release|Any CPU
		{AEEA7AA3-6021-4F9C-A588-3ED93A8507ED}.Debug|Any CPU.ActiveCfg = Debug|Any CPU
		{AEEA7AA3-6021-4F9C-A588-3ED93A8507ED}.Debug|Any CPU.Build.0 = Debug|Any CPU
		{AEEA7AA3-6021-4F9C-A588-3ED93A8507ED}.Release|Any CPU.ActiveCfg = Release|Any CPU
		{AEEA7AA3-6021-4F9C-A588-3ED93A8507ED}.Release|Any CPU.Build.0 = Release|Any CPU
		{E5877447-B52D-40B3-AFAC-71766CC683A5}.Debug|Any CPU.ActiveCfg = Debug|Any CPU
		{E5877447-B52D-40B3-AFAC-71766CC683A5}.Debug|Any CPU.Build.0 = Debug|Any CPU
		{E5877447-B52D-40B3-AFAC-71766CC683A5}.Release|Any CPU.ActiveCfg = Release|Any CPU
		{E5877447-B52D-40B3-AFAC-71766CC683A5}.Release|Any CPU.Build.0 = Release|Any CPU
		{6BB44964-D0DF-4799-99E9-2AAB2313353A}.Debug|Any CPU.ActiveCfg = Debug|Any CPU
		{6BB44964-D0DF-4799-99E9-2AAB2313353A}.Debug|Any CPU.Build.0 = Debug|Any CPU
		{6BB44964-D0DF-4799-99E9-2AAB2313353A}.Release|Any CPU.ActiveCfg = Release|Any CPU
		{6BB44964-D0DF-4799-99E9-2AAB2313353A}.Release|Any CPU.Build.0 = Release|Any CPU
		{4B0964D6-3BBE-4D3C-A672-E9A56594D31B}.Debug|Any CPU.ActiveCfg = Debug|Any CPU
		{4B0964D6-3BBE-4D3C-A672-E9A56594D31B}.Debug|Any CPU.Build.0 = Debug|Any CPU
		{4B0964D6-3BBE-4D3C-A672-E9A56594D31B}.Release|Any CPU.ActiveCfg = Release|Any CPU
		{4B0964D6-3BBE-4D3C-A672-E9A56594D31B}.Release|Any CPU.Build.0 = Release|Any CPU
		{397338CF-A22F-4E9F-949B-8FEA47F54264}.Debug|Any CPU.ActiveCfg = Debug|Any CPU
		{397338CF-A22F-4E9F-949B-8FEA47F54264}.Debug|Any CPU.Build.0 = Debug|Any CPU
		{397338CF-A22F-4E9F-949B-8FEA47F54264}.Release|Any CPU.ActiveCfg = Release|Any CPU
		{397338CF-A22F-4E9F-949B-8FEA47F54264}.Release|Any CPU.Build.0 = Release|Any CPU
		{86E1631C-EA00-4B5C-9E17-E31A76C4C897}.Debug|Any CPU.ActiveCfg = Debug|Any CPU
		{86E1631C-EA00-4B5C-9E17-E31A76C4C897}.Debug|Any CPU.Build.0 = Debug|Any CPU
		{86E1631C-EA00-4B5C-9E17-E31A76C4C897}.Release|Any CPU.ActiveCfg = Release|Any CPU
		{86E1631C-EA00-4B5C-9E17-E31A76C4C897}.Release|Any CPU.Build.0 = Release|Any CPU
		{535403EA-5A4F-4F66-94D8-80506436F5CB}.Debug|Any CPU.ActiveCfg = Debug|Any CPU
		{535403EA-5A4F-4F66-94D8-80506436F5CB}.Debug|Any CPU.Build.0 = Debug|Any CPU
		{535403EA-5A4F-4F66-94D8-80506436F5CB}.Release|Any CPU.ActiveCfg = Release|Any CPU
		{535403EA-5A4F-4F66-94D8-80506436F5CB}.Release|Any CPU.Build.0 = Release|Any CPU
		{9D3F79BD-F5FB-45F8-9AD9-E4F9912AB5DE}.Debug|Any CPU.ActiveCfg = Debug|Any CPU
		{9D3F79BD-F5FB-45F8-9AD9-E4F9912AB5DE}.Debug|Any CPU.Build.0 = Debug|Any CPU
		{9D3F79BD-F5FB-45F8-9AD9-E4F9912AB5DE}.Release|Any CPU.ActiveCfg = Release|Any CPU
		{9D3F79BD-F5FB-45F8-9AD9-E4F9912AB5DE}.Release|Any CPU.Build.0 = Release|Any CPU
		{D967C841-00EC-46D5-ADDF-0ADB8499692E}.Debug|Any CPU.ActiveCfg = Debug|Any CPU
		{D967C841-00EC-46D5-ADDF-0ADB8499692E}.Debug|Any CPU.Build.0 = Debug|Any CPU
		{D967C841-00EC-46D5-ADDF-0ADB8499692E}.Release|Any CPU.ActiveCfg = Release|Any CPU
		{D967C841-00EC-46D5-ADDF-0ADB8499692E}.Release|Any CPU.Build.0 = Release|Any CPU
		{79056E7F-DC6F-4A13-A9E6-A7ED8CB30A18}.Debug|Any CPU.ActiveCfg = Debug|Any CPU
		{79056E7F-DC6F-4A13-A9E6-A7ED8CB30A18}.Debug|Any CPU.Build.0 = Debug|Any CPU
		{79056E7F-DC6F-4A13-A9E6-A7ED8CB30A18}.Release|Any CPU.ActiveCfg = Release|Any CPU
		{79056E7F-DC6F-4A13-A9E6-A7ED8CB30A18}.Release|Any CPU.Build.0 = Release|Any CPU
		{D3B7C097-B478-402F-A537-70030E7E2BA7}.Debug|Any CPU.ActiveCfg = Debug|Any CPU
		{D3B7C097-B478-402F-A537-70030E7E2BA7}.Debug|Any CPU.Build.0 = Debug|Any CPU
		{D3B7C097-B478-402F-A537-70030E7E2BA7}.Release|Any CPU.ActiveCfg = Release|Any CPU
		{D3B7C097-B478-402F-A537-70030E7E2BA7}.Release|Any CPU.Build.0 = Release|Any CPU
		{26E719FB-D14F-433A-8853-65D427A6B2F6}.Debug|Any CPU.ActiveCfg = Debug|Any CPU
		{26E719FB-D14F-433A-8853-65D427A6B2F6}.Debug|Any CPU.Build.0 = Debug|Any CPU
		{26E719FB-D14F-433A-8853-65D427A6B2F6}.Release|Any CPU.ActiveCfg = Release|Any CPU
		{26E719FB-D14F-433A-8853-65D427A6B2F6}.Release|Any CPU.Build.0 = Release|Any CPU
		{009FE0A6-8033-4C9D-B928-60A341377620}.Debug|Any CPU.ActiveCfg = Debug|Any CPU
		{009FE0A6-8033-4C9D-B928-60A341377620}.Debug|Any CPU.Build.0 = Debug|Any CPU
		{009FE0A6-8033-4C9D-B928-60A341377620}.Release|Any CPU.ActiveCfg = Release|Any CPU
		{009FE0A6-8033-4C9D-B928-60A341377620}.Release|Any CPU.Build.0 = Release|Any CPU
		{B591B067-1138-4398-AF5F-C8B68CA22D6F}.Debug|Any CPU.ActiveCfg = Debug|Any CPU
		{B591B067-1138-4398-AF5F-C8B68CA22D6F}.Debug|Any CPU.Build.0 = Debug|Any CPU
		{B591B067-1138-4398-AF5F-C8B68CA22D6F}.Release|Any CPU.ActiveCfg = Release|Any CPU
		{B591B067-1138-4398-AF5F-C8B68CA22D6F}.Release|Any CPU.Build.0 = Release|Any CPU
		{791F5AEF-A710-4CBB-820D-D4F7DF6409B1}.Debug|Any CPU.ActiveCfg = Debug|Any CPU
		{791F5AEF-A710-4CBB-820D-D4F7DF6409B1}.Debug|Any CPU.Build.0 = Debug|Any CPU
		{791F5AEF-A710-4CBB-820D-D4F7DF6409B1}.Release|Any CPU.ActiveCfg = Release|Any CPU
		{791F5AEF-A710-4CBB-820D-D4F7DF6409B1}.Release|Any CPU.Build.0 = Release|Any CPU
		{AC0B545D-303D-498F-B692-7E72AC59CF37}.Debug|Any CPU.ActiveCfg = Debug|Any CPU
		{AC0B545D-303D-498F-B692-7E72AC59CF37}.Debug|Any CPU.Build.0 = Debug|Any CPU
		{AC0B545D-303D-498F-B692-7E72AC59CF37}.Release|Any CPU.ActiveCfg = Release|Any CPU
		{AC0B545D-303D-498F-B692-7E72AC59CF37}.Release|Any CPU.Build.0 = Release|Any CPU
		{E27E3F38-4080-4CA4-834F-2BE8016202C6}.Debug|Any CPU.ActiveCfg = Debug|Any CPU
		{E27E3F38-4080-4CA4-834F-2BE8016202C6}.Debug|Any CPU.Build.0 = Debug|Any CPU
		{E27E3F38-4080-4CA4-834F-2BE8016202C6}.Release|Any CPU.ActiveCfg = Release|Any CPU
		{E27E3F38-4080-4CA4-834F-2BE8016202C6}.Release|Any CPU.Build.0 = Release|Any CPU
		{E055F476-76E7-4D29-A601-DFBD739A9B8F}.Debug|Any CPU.ActiveCfg = Debug|Any CPU
		{E055F476-76E7-4D29-A601-DFBD739A9B8F}.Debug|Any CPU.Build.0 = Debug|Any CPU
		{E055F476-76E7-4D29-A601-DFBD739A9B8F}.Release|Any CPU.ActiveCfg = Release|Any CPU
		{E055F476-76E7-4D29-A601-DFBD739A9B8F}.Release|Any CPU.Build.0 = Release|Any CPU
		{D24F386B-FEE4-4976-A08C-AAD4D34101A9}.Debug|Any CPU.ActiveCfg = Debug|Any CPU
		{D24F386B-FEE4-4976-A08C-AAD4D34101A9}.Debug|Any CPU.Build.0 = Debug|Any CPU
		{D24F386B-FEE4-4976-A08C-AAD4D34101A9}.Release|Any CPU.ActiveCfg = Release|Any CPU
		{D24F386B-FEE4-4976-A08C-AAD4D34101A9}.Release|Any CPU.Build.0 = Release|Any CPU
		{8EE2F554-FC3B-4D93-B58A-FDAD31E21BD0}.Debug|Any CPU.ActiveCfg = Debug|Any CPU
		{8EE2F554-FC3B-4D93-B58A-FDAD31E21BD0}.Debug|Any CPU.Build.0 = Debug|Any CPU
		{8EE2F554-FC3B-4D93-B58A-FDAD31E21BD0}.Release|Any CPU.ActiveCfg = Release|Any CPU
		{8EE2F554-FC3B-4D93-B58A-FDAD31E21BD0}.Release|Any CPU.Build.0 = Release|Any CPU
		{8616E3B9-A464-4CD5-9266-795F375AD3CC}.Debug|Any CPU.ActiveCfg = Debug|Any CPU
		{8616E3B9-A464-4CD5-9266-795F375AD3CC}.Debug|Any CPU.Build.0 = Debug|Any CPU
		{8616E3B9-A464-4CD5-9266-795F375AD3CC}.Release|Any CPU.ActiveCfg = Release|Any CPU
		{8616E3B9-A464-4CD5-9266-795F375AD3CC}.Release|Any CPU.Build.0 = Release|Any CPU
		{C05A58E3-EC95-4892-AE83-0871FA92D5C2}.Debug|Any CPU.ActiveCfg = Debug|Any CPU
		{C05A58E3-EC95-4892-AE83-0871FA92D5C2}.Debug|Any CPU.Build.0 = Debug|Any CPU
		{C05A58E3-EC95-4892-AE83-0871FA92D5C2}.Release|Any CPU.ActiveCfg = Release|Any CPU
		{C05A58E3-EC95-4892-AE83-0871FA92D5C2}.Release|Any CPU.Build.0 = Release|Any CPU
		{6FF45E84-BA0C-4A0A-B43F-8A91ACB9DAB6}.Debug|Any CPU.ActiveCfg = Debug|Any CPU
		{6FF45E84-BA0C-4A0A-B43F-8A91ACB9DAB6}.Debug|Any CPU.Build.0 = Debug|Any CPU
		{6FF45E84-BA0C-4A0A-B43F-8A91ACB9DAB6}.Release|Any CPU.ActiveCfg = Release|Any CPU
		{6FF45E84-BA0C-4A0A-B43F-8A91ACB9DAB6}.Release|Any CPU.Build.0 = Release|Any CPU
		{E33DC860-D3AA-48F6-86E2-3A9EF0E7AF40}.Debug|Any CPU.ActiveCfg = Debug|Any CPU
		{E33DC860-D3AA-48F6-86E2-3A9EF0E7AF40}.Debug|Any CPU.Build.0 = Debug|Any CPU
		{E33DC860-D3AA-48F6-86E2-3A9EF0E7AF40}.Release|Any CPU.ActiveCfg = Release|Any CPU
		{E33DC860-D3AA-48F6-86E2-3A9EF0E7AF40}.Release|Any CPU.Build.0 = Release|Any CPU
		{989E361C-9286-490F-966F-78CE4E4D815E}.Debug|Any CPU.ActiveCfg = Debug|Any CPU
		{989E361C-9286-490F-966F-78CE4E4D815E}.Debug|Any CPU.Build.0 = Debug|Any CPU
		{989E361C-9286-490F-966F-78CE4E4D815E}.Release|Any CPU.ActiveCfg = Release|Any CPU
		{989E361C-9286-490F-966F-78CE4E4D815E}.Release|Any CPU.Build.0 = Release|Any CPU
		{DDC5ADD6-033F-4BA3-93C4-05FA18E1DC8E}.Debug|Any CPU.ActiveCfg = Debug|Any CPU
		{DDC5ADD6-033F-4BA3-93C4-05FA18E1DC8E}.Debug|Any CPU.Build.0 = Debug|Any CPU
		{DDC5ADD6-033F-4BA3-93C4-05FA18E1DC8E}.Release|Any CPU.ActiveCfg = Release|Any CPU
		{DDC5ADD6-033F-4BA3-93C4-05FA18E1DC8E}.Release|Any CPU.Build.0 = Release|Any CPU
		{B903F391-4C6E-4AEC-AEC3-7377391780A6}.Debug|Any CPU.ActiveCfg = Debug|Any CPU
		{B903F391-4C6E-4AEC-AEC3-7377391780A6}.Debug|Any CPU.Build.0 = Debug|Any CPU
		{B903F391-4C6E-4AEC-AEC3-7377391780A6}.Release|Any CPU.ActiveCfg = Release|Any CPU
		{B903F391-4C6E-4AEC-AEC3-7377391780A6}.Release|Any CPU.Build.0 = Release|Any CPU
		{902A96D3-1E67-413B-BEE9-DDF0F8DF714D}.Debug|Any CPU.ActiveCfg = Debug|Any CPU
		{902A96D3-1E67-413B-BEE9-DDF0F8DF714D}.Debug|Any CPU.Build.0 = Debug|Any CPU
		{902A96D3-1E67-413B-BEE9-DDF0F8DF714D}.Release|Any CPU.ActiveCfg = Release|Any CPU
		{902A96D3-1E67-413B-BEE9-DDF0F8DF714D}.Release|Any CPU.Build.0 = Release|Any CPU
		{DE4D8323-44C8-4286-BB54-86A8183EE451}.Debug|Any CPU.ActiveCfg = Debug|Any CPU
		{DE4D8323-44C8-4286-BB54-86A8183EE451}.Debug|Any CPU.Build.0 = Debug|Any CPU
		{DE4D8323-44C8-4286-BB54-86A8183EE451}.Release|Any CPU.ActiveCfg = Release|Any CPU
		{DE4D8323-44C8-4286-BB54-86A8183EE451}.Release|Any CPU.Build.0 = Release|Any CPU
		{6658044E-D7C6-49E2-9560-A34169376694}.Debug|Any CPU.ActiveCfg = Debug|Any CPU
		{6658044E-D7C6-49E2-9560-A34169376694}.Debug|Any CPU.Build.0 = Debug|Any CPU
		{6658044E-D7C6-49E2-9560-A34169376694}.Release|Any CPU.ActiveCfg = Release|Any CPU
		{6658044E-D7C6-49E2-9560-A34169376694}.Release|Any CPU.Build.0 = Release|Any CPU
		{E6D1EA83-C928-44CD-80EE-C6C1B82EB1B2}.Debug|Any CPU.ActiveCfg = Debug|Any CPU
		{E6D1EA83-C928-44CD-80EE-C6C1B82EB1B2}.Debug|Any CPU.Build.0 = Debug|Any CPU
		{E6D1EA83-C928-44CD-80EE-C6C1B82EB1B2}.Release|Any CPU.ActiveCfg = Release|Any CPU
		{E6D1EA83-C928-44CD-80EE-C6C1B82EB1B2}.Release|Any CPU.Build.0 = Release|Any CPU
	EndGlobalSection
	GlobalSection(SolutionProperties) = preSolution
		HideSolutionNode = FALSE
	EndGlobalSection
	GlobalSection(NestedProjects) = preSolution
		{8570A7F3-A1CC-4757-B1E7-57AEA56B97F2} = {C2977621-E741-4F48-96D8-086A9FD59968}
		{957AED72-E7D4-4503-8C3D-252AD193770F} = {C2977621-E741-4F48-96D8-086A9FD59968}
		{F75F456E-A469-439D-AEC4-76C8A8FD7A30} = {C2977621-E741-4F48-96D8-086A9FD59968}
		{45C948C4-4BDA-4821-B7B5-D244BB1421E1} = {C2977621-E741-4F48-96D8-086A9FD59968}
		{82EC659C-E953-40CB-AB64-F686E3E87AE8} = {C2977621-E741-4F48-96D8-086A9FD59968}
		{B4085006-A495-4547-9521-C58503FBB4B6} = {C2977621-E741-4F48-96D8-086A9FD59968}
		{AEEA7AA3-6021-4F9C-A588-3ED93A8507ED} = {C2977621-E741-4F48-96D8-086A9FD59968}
		{397338CF-A22F-4E9F-949B-8FEA47F54264} = {C2977621-E741-4F48-96D8-086A9FD59968}
		{D967C841-00EC-46D5-ADDF-0ADB8499692E} = {C2977621-E741-4F48-96D8-086A9FD59968}
		{009FE0A6-8033-4C9D-B928-60A341377620} = {C2977621-E741-4F48-96D8-086A9FD59968}
		{E27E3F38-4080-4CA4-834F-2BE8016202C6} = {C2977621-E741-4F48-96D8-086A9FD59968}
		{8616E3B9-A464-4CD5-9266-795F375AD3CC} = {C2977621-E741-4F48-96D8-086A9FD59968}
		{989E361C-9286-490F-966F-78CE4E4D815E} = {C2977621-E741-4F48-96D8-086A9FD59968}
		{DE4D8323-44C8-4286-BB54-86A8183EE451} = {C2977621-E741-4F48-96D8-086A9FD59968}
		{9CE005F4-A22E-4ABC-B366-2C43A27A0D18} = {801CC8BF-0B3B-4DF9-AECD-378D5FE4053B}
		{85ED0DC2-6C2D-4980-BB8D-223759EF4056} = {801CC8BF-0B3B-4DF9-AECD-378D5FE4053B}
		{789C9E71-5F91-46C6-98FE-4AC76914D7DB} = {801CC8BF-0B3B-4DF9-AECD-378D5FE4053B}
		{CF0E4F19-8181-4B1C-BEE7-36C9D43D46D6} = {801CC8BF-0B3B-4DF9-AECD-378D5FE4053B}
		{6E5CCE13-28BF-4778-B653-85DBF06AA335} = {801CC8BF-0B3B-4DF9-AECD-378D5FE4053B}
		{751AE007-D2C5-4F70-8071-869918DA6CF9} = {801CC8BF-0B3B-4DF9-AECD-378D5FE4053B}
		{E5877447-B52D-40B3-AFAC-71766CC683A5} = {801CC8BF-0B3B-4DF9-AECD-378D5FE4053B}
		{86E1631C-EA00-4B5C-9E17-E31A76C4C897} = {801CC8BF-0B3B-4DF9-AECD-378D5FE4053B}
		{79056E7F-DC6F-4A13-A9E6-A7ED8CB30A18} = {801CC8BF-0B3B-4DF9-AECD-378D5FE4053B}
		{B591B067-1138-4398-AF5F-C8B68CA22D6F} = {801CC8BF-0B3B-4DF9-AECD-378D5FE4053B}
		{E055F476-76E7-4D29-A601-DFBD739A9B8F} = {801CC8BF-0B3B-4DF9-AECD-378D5FE4053B}
		{C05A58E3-EC95-4892-AE83-0871FA92D5C2} = {801CC8BF-0B3B-4DF9-AECD-378D5FE4053B}
		{DDC5ADD6-033F-4BA3-93C4-05FA18E1DC8E} = {801CC8BF-0B3B-4DF9-AECD-378D5FE4053B}
		{6658044E-D7C6-49E2-9560-A34169376694} = {801CC8BF-0B3B-4DF9-AECD-378D5FE4053B}
		{C543C184-87AB-4E0C-B988-1BF620805A52} = {CD71B5FE-1D43-4E93-A167-12C34C3CD5E7}
		{3DA2DD71-8D34-460F-BBDE-03B11F35E768} = {CD71B5FE-1D43-4E93-A167-12C34C3CD5E7}
		{4919E60C-6211-4CB0-BBEE-4BF7754F8B93} = {CD71B5FE-1D43-4E93-A167-12C34C3CD5E7}
		{30F784F7-AED1-4ACF-B820-09995D4E9FF4} = {CD71B5FE-1D43-4E93-A167-12C34C3CD5E7}
		{338AFA04-0A53-4170-8E07-DD19F1085F50} = {CD71B5FE-1D43-4E93-A167-12C34C3CD5E7}
		{A79AE177-7566-460D-B281-BCD8E8EED46F} = {CD71B5FE-1D43-4E93-A167-12C34C3CD5E7}
		{6BB44964-D0DF-4799-99E9-2AAB2313353A} = {CD71B5FE-1D43-4E93-A167-12C34C3CD5E7}
		{535403EA-5A4F-4F66-94D8-80506436F5CB} = {CD71B5FE-1D43-4E93-A167-12C34C3CD5E7}
		{D3B7C097-B478-402F-A537-70030E7E2BA7} = {CD71B5FE-1D43-4E93-A167-12C34C3CD5E7}
		{791F5AEF-A710-4CBB-820D-D4F7DF6409B1} = {CD71B5FE-1D43-4E93-A167-12C34C3CD5E7}
		{D24F386B-FEE4-4976-A08C-AAD4D34101A9} = {CD71B5FE-1D43-4E93-A167-12C34C3CD5E7}
		{6FF45E84-BA0C-4A0A-B43F-8A91ACB9DAB6} = {CD71B5FE-1D43-4E93-A167-12C34C3CD5E7}
		{B903F391-4C6E-4AEC-AEC3-7377391780A6} = {CD71B5FE-1D43-4E93-A167-12C34C3CD5E7}
		{E6D1EA83-C928-44CD-80EE-C6C1B82EB1B2} = {CD71B5FE-1D43-4E93-A167-12C34C3CD5E7}
		{D408ABED-CB26-4DB1-ABFC-35A31F8B82FA} = {90845885-5857-45DD-AEA3-F772172FFAF9}
		{84D8F681-E578-492F-BF87-716D7E24A5CF} = {90845885-5857-45DD-AEA3-F772172FFAF9}
		{B1E97064-B338-4C99-A613-9E27499B62D9} = {90845885-5857-45DD-AEA3-F772172FFAF9}
		{6BF40879-8058-4ED0-A73A-A7126ACFC6C0} = {90845885-5857-45DD-AEA3-F772172FFAF9}
		{5DAF1261-F393-4720-96CA-E8E3DEF55012} = {90845885-5857-45DD-AEA3-F772172FFAF9}
		{47D2AD0E-C631-4221-A349-9E294F4F34B4} = {90845885-5857-45DD-AEA3-F772172FFAF9}
		{743962DB-5DB2-49B6-A008-8B8C8750579C} = {90845885-5857-45DD-AEA3-F772172FFAF9}
		{4B0964D6-3BBE-4D3C-A672-E9A56594D31B} = {90845885-5857-45DD-AEA3-F772172FFAF9}
		{9D3F79BD-F5FB-45F8-9AD9-E4F9912AB5DE} = {90845885-5857-45DD-AEA3-F772172FFAF9}
		{26E719FB-D14F-433A-8853-65D427A6B2F6} = {90845885-5857-45DD-AEA3-F772172FFAF9}
		{AC0B545D-303D-498F-B692-7E72AC59CF37} = {90845885-5857-45DD-AEA3-F772172FFAF9}
		{8EE2F554-FC3B-4D93-B58A-FDAD31E21BD0} = {90845885-5857-45DD-AEA3-F772172FFAF9}
		{E33DC860-D3AA-48F6-86E2-3A9EF0E7AF40} = {90845885-5857-45DD-AEA3-F772172FFAF9}
		{902A96D3-1E67-413B-BEE9-DDF0F8DF714D} = {90845885-5857-45DD-AEA3-F772172FFAF9}
	EndGlobalSection
EndGlobal
